
Microsoft Visual Studio Solution File, Format Version 12.00
# Visual Studio 15
VisualStudioVersion = 15.0.28010.2036
MinimumVisualStudioVersion = 10.0.40219.1
Project("{FAE04EC0-301F-11D3-BF4B-00C04F79EFBC}") = "Patcher", "Patcher\Patcher.csproj", "{BE749422-14E9-4300-8FC6-D3FFA8D9C092}"
EndProject
Global
	GlobalSection(SolutionConfigurationPlatforms) = preSolution
		Debug|Any CPU = Debug|Any CPU
		Release|Any CPU = Release|Any CPU
	EndGlobalSection
	GlobalSection(ProjectConfigurationPlatforms) = postSolution
		{BE749422-14E9-4300-8FC6-D3FFA8D9C092}.Debug|Any CPU.ActiveCfg = Debug|Any CPU
		{BE749422-14E9-4300-8FC6-D3FFA8D9C092}.Debug|Any CPU.Build.0 = Debug|Any CPU
		{BE749422-14E9-4300-8FC6-D3FFA8D9C092}.Release|Any CPU.ActiveCfg = Release|Any CPU
		{BE749422-14E9-4300-8FC6-D3FFA8D9C092}.Release|Any CPU.Build.0 = Release|Any CPU
	EndGlobalSection
	GlobalSection(SolutionProperties) = preSolution
		HideSolutionNode = FALSE
	EndGlobalSection
	GlobalSection(ExtensibilityGlobals) = postSolution
		SolutionGuid = {EA57613B-1C0A-488B-B147-D22A8D8B36C7}
	EndGlobalSection
EndGlobal
